{
  "name": "calvinball-website",
  "lockfileVersion": 3,
  "requires": true,
  "packages": {
    "": {
      "dependencies": {
        "@podlove/web-player": "^5.12.3"
      }
    },
    "node_modules/@podlove/web-player": {
      "version": "5.12.3",
      "resolved": "https://registry.npmjs.org/@podlove/web-player/-/web-player-5.12.3.tgz",
      "integrity": "sha512-tcptV+LvgbNzcM1+jd5JUUK/Lkhv/AC7E4AXAfRvaF0+aCJ1jzUwt72yLBuIlMvedxEYVmZjOMoOyoqfnA74Hg=="
    }
  }
}
